// !$*UTF8*$!
{
	archiveVersion = 1;
	classes = {
	};
	objectVersion = 55;
	objects = {

/* Begin PBXBuildFile section */
		8862CC1E276B3627006ED6E9 /* AppDelegate.swift in Sources */ = {isa = PBXBuildFile; fileRef = 8862CC1D276B3627006ED6E9 /* AppDelegate.swift */; };
		8862CC20276B3627006ED6E9 /* SceneDelegate.swift in Sources */ = {isa = PBXBuildFile; fileRef = 8862CC1F276B3627006ED6E9 /* SceneDelegate.swift */; };
		8862CC22276B3627006ED6E9 /* ViewController.swift in Sources */ = {isa = PBXBuildFile; fileRef = 8862CC21276B3627006ED6E9 /* ViewController.swift */; };
		8862CC25276B3627006ED6E9 /* Main.storyboard in Resources */ = {isa = PBXBuildFile; fileRef = 8862CC23276B3627006ED6E9 /* Main.storyboard */; };
		8862CC27276B3628006ED6E9 /* Assets.xcassets in Resources */ = {isa = PBXBuildFile; fileRef = 8862CC26276B3628006ED6E9 /* Assets.xcassets */; };
		8862CC2A276B3628006ED6E9 /* LaunchScreen.storyboard in Resources */ = {isa = PBXBuildFile; fileRef = 8862CC28276B3628006ED6E9 /* LaunchScreen.storyboard */; };
		8862CC33276B43A7006ED6E9 /* ResultViewController.swift in Sources */ = {isa = PBXBuildFile; fileRef = 8862CC32276B43A7006ED6E9 /* ResultViewController.swift */; };
		8862CC36276B4AD4006ED6E9 /* CalculatorBrain.swift in Sources */ = {isa = PBXBuildFile; fileRef = 8862CC35276B4AD4006ED6E9 /* CalculatorBrain.swift */; };
		8862CC39276B53A0006ED6E9 /* IMC.swift in Sources */ = {isa = PBXBuildFile; fileRef = 8862CC38276B53A0006ED6E9 /* IMC.swift */; };
/* End PBXBuildFile section */

/* Begin PBXFileReference section */
		8862CC1A276B3627006ED6E9 /* bmi-calculator.app */ = {isa = PBXFileReference; explicitFileType = wrapper.application; includeInIndex = 0; path = "bmi-calculator.app"; sourceTree = BUILT_PRODUCTS_DIR; };
		8862CC1D276B3627006ED6E9 /* AppDelegate.swift */ = {isa = PBXFileReference; lastKnownFileType = sourcecode.swift; path = AppDelegate.swift; sourceTree = "<group>"; };
		8862CC1F276B3627006ED6E9 /* SceneDelegate.swift */ = {isa = PBXFileReference; lastKnownFileType = sourcecode.swift; path = SceneDelegate.swift; sourceTree = "<group>"; };
		8862CC21276B3627006ED6E9 /* ViewController.swift */ = {isa = PBXFileReference; lastKnownFileType = sourcecode.swift; path = ViewController.swift; sourceTree = "<group>"; };
		8862CC24276B3627006ED6E9 /* Base */ = {isa = PBXFileReference; lastKnownFileType = file.storyboard; name = Base; path = Base.lproj/Main.storyboard; sourceTree = "<group>"; };
		8862CC26276B3628006ED6E9 /* Assets.xcassets */ = {isa = PBXFileReference; lastKnownFileType = folder.assetcatalog; path = Assets.xcassets; sourceTree = "<group>"; };
		8862CC29276B3628006ED6E9 /* Base */ = {isa = PBXFileReference; lastKnownFileType = file.storyboard; name = Base; path = Base.lproj/LaunchScreen.storyboard; sourceTree = "<group>"; };
		8862CC2B276B3628006ED6E9 /* Info.plist */ = {isa = PBXFileReference; lastKnownFileType = text.plist.xml; path = Info.plist; sourceTree = "<group>"; };
		8862CC32276B43A7006ED6E9 /* ResultViewController.swift */ = {isa = PBXFileReference; lastKnownFileType = sourcecode.swift; path = ResultViewController.swift; sourceTree = "<group>"; };
		8862CC35276B4AD4006ED6E9 /* CalculatorBrain.swift */ = {isa = PBXFileReference; lastKnownFileType = sourcecode.swift; path = CalculatorBrain.swift; sourceTree = "<group>"; };
		8862CC38276B53A0006ED6E9 /* IMC.swift */ = {isa = PBXFileReference; lastKnownFileType = sourcecode.swift; path = IMC.swift; sourceTree = "<group>"; };
/* End PBXFileReference section */

/* Begin PBXFrameworksBuildPhase section */
		8862CC17276B3627006ED6E9 /* Frameworks */ = {
			isa = PBXFrameworksBuildPhase;
			buildActionMask = 2147483647;
			files = (
			);
			runOnlyForDeploymentPostprocessing = 0;
		};
/* End PBXFrameworksBuildPhase section */

/* Begin PBXGroup section */
		8862CC11276B3627006ED6E9 = {
			isa = PBXGroup;
			children = (
				8862CC1C276B3627006ED6E9 /* bmi-calculator */,
				8862CC1B276B3627006ED6E9 /* Products */,
			);
			sourceTree = "<group>";
		};
		8862CC1B276B3627006ED6E9 /* Products */ = {
			isa = PBXGroup;
			children = (
				8862CC1A276B3627006ED6E9 /* bmi-calculator.app */,
			);
			name = Products;
			sourceTree = "<group>";
		};
		8862CC1C276B3627006ED6E9 /* bmi-calculator */ = {
			isa = PBXGroup;
			children = (
				8862CC1D276B3627006ED6E9 /* AppDelegate.swift */,
				8862CC1F276B3627006ED6E9 /* SceneDelegate.swift */,
				8862CC37276B4AD7006ED6E9 /* Model */,
				8862CC34276B4A61006ED6E9 /* View */,
				8862CC31276B42CD006ED6E9 /* Controller */,
				8862CC26276B3628006ED6E9 /* Assets.xcassets */,
				8862CC28276B3628006ED6E9 /* LaunchScreen.storyboard */,
				8862CC2B276B3628006ED6E9 /* Info.plist */,
			);
			path = "bmi-calculator";
			sourceTree = "<group>";
		};
		8862CC31276B42CD006ED6E9 /* Controller */ = {
			isa = PBXGroup;
			children = (
				8862CC21276B3627006ED6E9 /* ViewController.swift */,
				8862CC32276B43A7006ED6E9 /* ResultViewController.swift */,
			);
			path = Controller;
			sourceTree = "<group>";
		};
		8862CC34276B4A61006ED6E9 /* View */ = {
			isa = PBXGroup;
			children = (
				8862CC23276B3627006ED6E9 /* Main.storyboard */,
			);
			path = View;
			sourceTree = "<group>";
		};
		8862CC37276B4AD7006ED6E9 /* Model */ = {
			isa = PBXGroup;
			children = (
				8862CC35276B4AD4006ED6E9 /* CalculatorBrain.swift */,
				8862CC38276B53A0006ED6E9 /* IMC.swift */,
			);
			path = Model;
			sourceTree = "<group>";
		};
/* End PBXGroup section */

/* Begin PBXNativeTarget section */
		8862CC19276B3627006ED6E9 /* bmi-calculator */ = {
			isa = PBXNativeTarget;
			buildConfigurationList = 8862CC2E276B3628006ED6E9 /* Build configuration list for PBXNativeTarget "bmi-calculator" */;
			buildPhases = (
				8862CC16276B3627006ED6E9 /* Sources */,
				8862CC17276B3627006ED6E9 /* Frameworks */,
				8862CC18276B3627006ED6E9 /* Resources */,
			);
			buildRules = (
			);
			dependencies = (
			);
			name = "bmi-calculator";
			productName = "bmi-calculator";
			productReference = 8862CC1A276B3627006ED6E9 /* bmi-calculator.app */;
			productType = "com.apple.product-type.application";
		};
/* End PBXNativeTarget section */

/* Begin PBXProject section */
		8862CC12276B3627006ED6E9 /* Project object */ = {
			isa = PBXProject;
			attributes = {
				BuildIndependentTargetsInParallel = 1;
				LastSwiftUpdateCheck = 1310;
				LastUpgradeCheck = 1310;
				TargetAttributes = {
					8862CC19276B3627006ED6E9 = {
						CreatedOnToolsVersion = 13.1;
					};
				};
			};
			buildConfigurationList = 8862CC15276B3627006ED6E9 /* Build configuration list for PBXProject "bmi-calculator" */;
			compatibilityVersion = "Xcode 13.0";
			developmentRegion = en;
			hasScannedForEncodings = 0;
			knownRegions = (
				en,
				Base,
			);
			mainGroup = 8862CC11276B3627006ED6E9;
			productRefGroup = 8862CC1B276B3627006ED6E9 /* Products */;
			projectDirPath = "";
			projectRoot = "";
			targets = (
				8862CC19276B3627006ED6E9 /* bmi-calculator */,
			);
		};
/* End PBXProject section */

/* Begin PBXResourcesBuildPhase section */
		8862CC18276B3627006ED6E9 /* Resources */ = {
			isa = PBXResourcesBuildPhase;
			buildActionMask = 2147483647;
			files = (
				8862CC2A276B3628006ED6E9 /* LaunchScreen.storyboard in Resources */,
				8862CC27276B3628006ED6E9 /* Assets.xcassets in Resources */,
				8862CC25276B3627006ED6E9 /* Main.storyboard in Resources */,
			);
			runOnlyForDeploymentPostprocessing = 0;
		};
/* End PBXResourcesBuildPhase section */

/* Begin PBXSourcesBuildPhase section */
		8862CC16276B3627006ED6E9 /* Sources */ = {
			isa = PBXSourcesBuildPhase;
			buildActionMask = 2147483647;
			files = (
				8862CC22276B3627006ED6E9 /* ViewController.swift in Sources */,
				8862CC39276B53A0006ED6E9 /* IMC.swift in Sources */,
				8862CC1E276B3627006ED6E9 /* AppDelegate.swift in Sources */,
				8862CC20276B3627006ED6E9 /* SceneDelegate.swift in Sources */,
				8862CC36276B4AD4006ED6E9 /* CalculatorBrain.swift in Sources */,
				8862CC33276B43A7006ED6E9 /* ResultViewController.swift in Sources */,
			);
			runOnlyForDeploymentPostprocessing = 0;
		};
/* End PBXSourcesBuildPhase section */

/* Begin PBXVariantGroup section */
		8862CC23276B3627006ED6E9 /* Main.storyboard */ = {
			isa = PBXVariantGroup;
			children = (
				8862CC24276B3627006ED6E9 /* Base */,
			);
			name = Main.storyboard;
			sourceTree = "<group>";
		};
		8862CC28276B3628006ED6E9 /* LaunchScreen.storyboard */ = {
			isa = PBXVariantGroup;
			children = (
				8862CC29276B3628006ED6E9 /* Base */,
			);
			name = LaunchScreen.storyboard;
			sourceTree = "<group>";
		};
/* End PBXVariantGroup section */

/* Begin XCBuildConfiguration section */
		8862CC2C276B3628006ED6E9 /* Debug */ = {
			isa = XCBuildConfiguration;
			buildSettings = {
				ALWAYS_SEARCH_USER_PATHS = NO;
				CLANG_ANALYZER_NONNULL = YES;
				CLANG_ANALYZER_NUMBER_OBJECT_CONVERSION = YES_AGGRESSIVE;
				CLANG_CXX_LANGUAGE_STANDARD = "gnu++17";
				CLANG_CXX_LIBRARY = "libc++";
				CLANG_ENABLE_MODULES = YES;
				CLANG_ENABLE_OBJC_ARC = YES;
				CLANG_ENABLE_OBJC_WEAK = YES;
				CLANG_WARN_BLOCK_CAPTURE_AUTORELEASING = YES;
				CLANG_WARN_BOOL_CONVERSION = YES;
				CLANG_WARN_COMMA = YES;
				CLANG_WARN_CONSTANT_CONVERSION = YES;
				CLANG_WARN_DEPRECATED_OBJC_IMPLEMENTATIONS = YES;
				CLANG_WARN_DIRECT_OBJC_ISA_USAGE = YES_ERROR;
				CLANG_WARN_DOCUMENTATION_COMMENTS = YES;
				CLANG_WARN_EMPTY_BODY = YES;
				CLANG_WARN_ENUM_CONVERSION = YES;
				CLANG_WARN_INFINITE_RECURSION = YES;
				CLANG_WARN_INT_CONVERSION = YES;
				CLANG_WARN_NON_LITERAL_NULL_CONVERSION = YES;
				CLANG_WARN_OBJC_IMPLICIT_RETAIN_SELF = YES;
				CLANG_WARN_OBJC_LITERAL_CONVERSION = YES;
				CLANG_WARN_OBJC_ROOT_CLASS = YES_ERROR;
				CLANG_WARN_QUOTED_INCLUDE_IN_FRAMEWORK_HEADER = YES;
				CLANG_WARN_RANGE_LOOP_ANALYSIS = YES;
				CLANG_WARN_STRICT_PROTOTYPES = YES;
				CLANG_WARN_SUSPICIOUS_MOVE = YES;
				CLANG_WARN_UNGUARDED_AVAILABILITY = YES_AGGRESSIVE;
				CLANG_WARN_UNREACHABLE_CODE = YES;
				CLANG_WARN__DUPLICATE_METHOD_MATCH = YES;
				COPY_PHASE_STRIP = NO;
				DEBUG_INFORMATION_FORMAT = dwarf;
				ENABLE_STRICT_OBJC_MSGSEND = YES;
				ENABLE_TESTABILITY = YES;
				GCC_C_LANGUAGE_STANDARD = gnu11;
				GCC_DYNAMIC_NO_PIC = NO;
				GCC_NO_COMMON_BLOCKS = YES;
				GCC_OPTIMIZATION_LEVEL = 0;
				GCC_PREPROCESSOR_DEFINITIONS = (
					"DEBUG=1",
					"$(inherited)",
				);
				GCC_WARN_64_TO_32_BIT_CONVERSION = YES;
				GCC_WARN_ABOUT_RETURN_TYPE = YES_ERROR;
				GCC_WARN_UNDECLARED_SELECTOR = YES;
				GCC_WARN_UNINITIALIZED_AUTOS = YES_AGGRESSIVE;
				GCC_WARN_UNUSED_FUNCTION = YES;
				GCC_WARN_UNUSED_VARIABLE = YES;
				IPHONEOS_DEPLOYMENT_TARGET = 15.0;
				MTL_ENABLE_DEBUG_INFO = INCLUDE_SOURCE;
				MTL_FAST_MATH = YES;
				ONLY_ACTIVE_ARCH = YES;
				SDKROOT = iphoneos;
				SWIFT_ACTIVE_COMPILATION_CONDITIONS = DEBUG;
				SWIFT_OPTIMIZATION_LEVEL = "-Onone";
			};
			name = Debug;
		};
		8862CC2D276B3628006ED6E9 /* Release */ = {
			isa = XCBuildConfiguration;
			buildSettings = {
				ALWAYS_SEARCH_USER_PATHS = NO;
				CLANG_ANALYZER_NONNULL = YES;
				CLANG_ANALYZER_NUMBER_OBJECT_CONVERSION = YES_AGGRESSIVE;
				CLANG_CXX_LANGUAGE_STANDARD = "gnu++17";
				CLANG_CXX_LIBRARY = "libc++";
				CLANG_ENABLE_MODULES = YES;
				CLANG_ENABLE_OBJC_ARC = YES;
				CLANG_ENABLE_OBJC_WEAK = YES;
				CLANG_WARN_BLOCK_CAPTURE_AUTORELEASING = YES;
				CLANG_WARN_BOOL_CONVERSION = YES;
				CLANG_WARN_COMMA = YES;
				CLANG_WARN_CONSTANT_CONVERSION = YES;
				CLANG_WARN_DEPRECATED_OBJC_IMPLEMENTATIONS = YES;
				CLANG_WARN_DIRECT_OBJC_ISA_USAGE = YES_ERROR;
				CLANG_WARN_DOCUMENTATION_COMMENTS = YES;
				CLANG_WARN_EMPTY_BODY = YES;
				CLANG_WARN_ENUM_CONVERSION = YES;
				CLANG_WARN_INFINITE_RECURSION = YES;
				CLANG_WARN_INT_CONVERSION = YES;
				CLANG_WARN_NON_LITERAL_NULL_CONVERSION = YES;
				CLANG_WARN_OBJC_IMPLICIT_RETAIN_SELF = YES;
				CLANG_WARN_OBJC_LITERAL_CONVERSION = YES;
				CLANG_WARN_OBJC_ROOT_CLASS = YES_ERROR;
				CLANG_WARN_QUOTED_INCLUDE_IN_FRAMEWORK_HEADER = YES;
				CLANG_WARN_RANGE_LOOP_ANALYSIS = YES;
				CLANG_WARN_STRICT_PROTOTYPES = YES;
				CLANG_WARN_SUSPICIOUS_MOVE = YES;
				CLANG_WARN_UNGUARDED_AVAILABILITY = YES_AGGRESSIVE;
				CLANG_WARN_UNREACHABLE_CODE = YES;
				CLANG_WARN__DUPLICATE_METHOD_MATCH = YES;
				COPY_PHASE_STRIP = NO;
				DEBUG_INFORMATION_FORMAT = "dwarf-with-dsym";
				ENABLE_NS_ASSERTIONS = NO;
				ENABLE_STRICT_OBJC_MSGSEND = YES;
				GCC_C_LANGUAGE_STANDARD = gnu11;
				GCC_NO_COMMON_BLOCKS = YES;
				GCC_WARN_64_TO_32_BIT_CONVERSION = YES;
				GCC_WARN_ABOUT_RETURN_TYPE = YES_ERROR;
				GCC_WARN_UNDECLARED_SELECTOR = YES;
				GCC_WARN_UNINITIALIZED_AUTOS = YES_AGGRESSIVE;
				GCC_WARN_UNUSED_FUNCTION = YES;
				GCC_WARN_UNUSED_VARIABLE = YES;
				IPHONEOS_DEPLOYMENT_TARGET = 15.0;
				MTL_ENABLE_DEBUG_INFO = NO;
				MTL_FAST_MATH = YES;
				SDKROOT = iphoneos;
				SWIFT_COMPILATION_MODE = wholemodule;
				SWIFT_OPTIMIZATION_LEVEL = "-O";
				VALIDATE_PRODUCT = YES;
			};
			name = Release;
		};
		8862CC2F276B3628006ED6E9 /* Debug */ = {
			isa = XCBuildConfiguration;
			buildSettings = {
				ASSETCATALOG_COMPILER_APPICON_NAME = AppIcon;
				ASSETCATALOG_COMPILER_GLOBAL_ACCENT_COLOR_NAME = AccentColor;
				CODE_SIGN_STYLE = Automatic;
				CURRENT_PROJECT_VERSION = 1;
				GENERATE_INFOPLIST_FILE = YES;
				INFOPLIST_FILE = "bmi-calculator/Info.plist";
				INFOPLIST_KEY_UIApplicationSupportsIndirectInputEvents = YES;
				INFOPLIST_KEY_UILaunchStoryboardName = LaunchScreen;
				INFOPLIST_KEY_UIMainStoryboardFile = Main;
				INFOPLIST_KEY_UISupportedInterfaceOrientations = "UIInterfaceOrientationPortrait UIInterfaceOrientationLandscapeLeft";
				INFOPLIST_KEY_UISupportedInterfaceOrientations_iPad = "UIInterfaceOrientationPortrait UIInterfaceOrientationPortraitUpsideDown UIInterfaceOrientationLandscapeLeft UIInterfaceOrientationLandscapeRight";
				INFOPLIST_KEY_UISupportedInterfaceOrientations_iPhone = "UIInterfaceOrientationPortrait UIInterfaceOrientationLandscapeLeft UIInterfaceOrientationLandscapeRight";
				LD_RUNPATH_SEARCH_PATHS = (
					"$(inherited)",
					"@executable_path/Frameworks",
				);
				MARKETING_VERSION = 1.0;
				PRODUCT_BUNDLE_IDENTIFIER = "com.devbrunolopes.bmi-calculator";
				PRODUCT_NAME = "$(TARGET_NAME)";
				SWIFT_EMIT_LOC_STRINGS = YES;
				SWIFT_VERSION = 5.0;
				TARGETED_DEVICE_FAMILY = 1;
			};
			name = Debug;
		};
		8862CC30276B3628006ED6E9 /* Release */ = {
			isa = XCBuildConfiguration;
			buildSettings = {
				ASSETCATALOG_COMPILER_APPICON_NAME = AppIcon;
				ASSETCATALOG_COMPILER_GLOBAL_ACCENT_COLOR_NAME = AccentColor;
				CODE_SIGN_STYLE = Automatic;
				CURRENT_PROJECT_VERSION = 1;
				GENERATE_INFOPLIST_FILE = YES;
				INFOPLIST_FILE = "bmi-calculator/Info.plist";
				INFOPLIST_KEY_UIApplicationSupportsIndirectInputEvents = YES;
				INFOPLIST_KEY_UILaunchStoryboardName = LaunchScreen;
				INFOPLIST_KEY_UIMainStoryboardFile = Main;
				INFOPLIST_KEY_UISupportedInterfaceOrientations = "UIInterfaceOrientationPortrait UIInterfaceOrientationLandscapeLeft";
				INFOPLIST_KEY_UISupportedInterfaceOrientations_iPad = "UIInterfaceOrientationPortrait UIInterfaceOrientationPortraitUpsideDown UIInterfaceOrientationLandscapeLeft UIInterfaceOrientationLandscapeRight";
				INFOPLIST_KEY_UISupportedInterfaceOrientations_iPhone = "UIInterfaceOrientationPortrait UIInterfaceOrientationLandscapeLeft UIInterfaceOrientationLandscapeRight";
				LD_RUNPATH_SEARCH_PATHS = (
					"$(inherited)",
					"@executable_path/Frameworks",
				);
				MARKETING_VERSION = 1.0;
				PRODUCT_BUNDLE_IDENTIFIER = "com.devbrunolopes.bmi-calculator";
				PRODUCT_NAME = "$(TARGET_NAME)";
				SWIFT_EMIT_LOC_STRINGS = YES;
				SWIFT_VERSION = 5.0;
				TARGETED_DEVICE_FAMILY = 1;
			};
			name = Release;
		};
/* End XCBuildConfiguration section */

/* Begin XCConfigurationList section */
		8862CC15276B3627006ED6E9 /* Build configuration list for PBXProject "bmi-calculator" */ = {
			isa = XCConfigurationList;
			buildConfigurations = (
				8862CC2C276B3628006ED6E9 /* Debug */,
				8862CC2D276B3628006ED6E9 /* Release */,
			);
			defaultConfigurationIsVisible = 0;
			defaultConfigurationName = Release;
		};
		8862CC2E276B3628006ED6E9 /* Build configuration list for PBXNativeTarget "bmi-calculator" */ = {
			isa = XCConfigurationList;
			buildConfigurations = (
				8862CC2F276B3628006ED6E9 /* Debug */,
				8862CC30276B3628006ED6E9 /* Release */,
			);
			defaultConfigurationIsVisible = 0;
			defaultConfigurationName = Release;
		};
/* End XCConfigurationList section */
	};
	rootObject = 8862CC12276B3627006ED6E9 /* Project object */;
}
